
Microsoft Visual Studio Solution File, Format Version 12.00
# Visual Studio Version 16
VisualStudioVersion = 16.0.31112.23
MinimumVisualStudioVersion = 10.0.40219.1
Project("{FAE04EC0-301F-11D3-BF4B-00C04F79EFBC}") = "MiniSendMail", "MiniSendMail\MiniSendMail.csproj", "{22956071-7F74-4580-B654-A6CC43A44E3B}"
EndProject
Global
	GlobalSection(SolutionConfigurationPlatforms) = preSolution
		Debug|Any CPU = Debug|Any CPU
		Release|Any CPU = Release|Any CPU
	EndGlobalSection
	GlobalSection(ProjectConfigurationPlatforms) = postSolution
		{22956071-7F74-4580-B654-A6CC43A44E3B}.Debug|Any CPU.ActiveCfg = Debug|Any CPU
		{22956071-7F74-4580-B654-A6CC43A44E3B}.Debug|Any CPU.Build.0 = Debug|Any CPU
		{22956071-7F74-4580-B654-A6CC43A44E3B}.Release|Any CPU.ActiveCfg = Release|Any CPU
		{22956071-7F74-4580-B654-A6CC43A44E3B}.Release|Any CPU.Build.0 = Release|Any CPU
	EndGlobalSection
	GlobalSection(SolutionProperties) = preSolution
		HideSolutionNode = FALSE
	EndGlobalSection
	GlobalSection(ExtensibilityGlobals) = postSolution
		SolutionGuid = {8BC03699-0E25-44D8-9D9C-CF58D6143109}
	EndGlobalSection
EndGlobal
